// !$*UTF8*$!
{
	archiveVersion = 1;
	classes = {
	};
	objectVersion = 46;
	objects = {

/* Begin PBXBuildFile section */
		49F28EE71BB438FD00C60A35 /* AppDelegate.swift in Sources */ = {isa = PBXBuildFile; fileRef = 49F28EE61BB438FD00C60A35 /* AppDelegate.swift */; };
		49F28EE91BB438FD00C60A35 /* ViewController.swift in Sources */ = {isa = PBXBuildFile; fileRef = 49F28EE81BB438FD00C60A35 /* ViewController.swift */; };
		49F28EEE1BB438FD00C60A35 /* Assets.xcassets in Resources */ = {isa = PBXBuildFile; fileRef = 49F28EED1BB438FD00C60A35 /* Assets.xcassets */; };
		49F28EF11BB438FE00C60A35 /* LaunchScreen.storyboard in Resources */ = {isa = PBXBuildFile; fileRef = 49F28EEF1BB438FE00C60A35 /* LaunchScreen.storyboard */; };
/* End PBXBuildFile section */

/* Begin PBXFileReference section */
		49F28EE31BB438FD00C60A35 /* StoryboardLess.app */ = {isa = PBXFileReference; explicitFileType = wrapper.application; includeInIndex = 0; path = StoryboardLess.app; sourceTree = BUILT_PRODUCTS_DIR; };
		49F28EE61BB438FD00C60A35 /* AppDelegate.swift */ = {isa = PBXFileReference; lastKnownFileType = sourcecode.swift; path = AppDelegate.swift; sourceTree = "<group>"; };
		49F28EE81BB438FD00C60A35 /* ViewController.swift */ = {isa = PBXFileReference; lastKnownFileType = sourcecode.swift; path = ViewController.swift; sourceTree = "<group>"; };
		49F28EED1BB438FD00C60A35 /* Assets.xcassets */ = {isa = PBXFileReference; lastKnownFileType = folder.assetcatalog; path = Assets.xcassets; sourceTree = "<group>"; };
		49F28EF01BB438FE00C60A35 /* Base */ = {isa = PBXFileReference; lastKnownFileType = file.storyboard; name = Base; path = Base.lproj/LaunchScreen.storyboard; sourceTree = "<group>"; };
		49F28EF21BB438FE00C60A35 /* Info.plist */ = {isa = PBXFileReference; lastKnownFileType = text.plist.xml; path = Info.plist; sourceTree = "<group>"; };
/* End PBXFileReference section */

/* Begin PBXFrameworksBuildPhase section */
		49F28EE01BB438FD00C60A35 /* Frameworks */ = {
			isa = PBXFrameworksBuildPhase;
			buildActionMask = 2147483647;
			files = (
			);
			runOnlyForDeploymentPostprocessing = 0;
		};
/* End PBXFrameworksBuildPhase section */

/* Begin PBXGroup section */
		49F28EDA1BB438FD00C60A35 = {
			isa = PBXGroup;
			children = (
				49F28EE51BB438FD00C60A35 /* StoryboardLess */,
				49F28EE41BB438FD00C60A35 /* Products */,
			);
			sourceTree = "<group>";
		};
		49F28EE41BB438FD00C60A35 /* Products */ = {
			isa = PBXGroup;
			children = (
				49F28EE31BB438FD00C60A35 /* StoryboardLess.app */,
			);
			name = Products;
			sourceTree = "<group>";
		};
		49F28EE51BB438FD00C60A35 /* StoryboardLess */ = {
			isa = PBXGroup;
			children = (
				49F28EE61BB438FD00C60A35 /* AppDelegate.swift */,
				49F28EE81BB438FD00C60A35 /* ViewController.swift */,
				49F28EED1BB438FD00C60A35 /* Assets.xcassets */,
				49F28EEF1BB438FE00C60A35 /* LaunchScreen.storyboard */,
				49F28EF21BB438FE00C60A35 /* Info.plist */,
			);
			path = StoryboardLess;
			sourceTree = "<group>";
		};
/* End PBXGroup section */

/* Begin PBXNativeTarget section */
		49F28EE21BB438FD00C60A35 /* StoryboardLess */ = {
			isa = PBXNativeTarget;
			buildConfigurationList = 49F28EF51BB438FE00C60A35 /* Build configuration list for PBXNativeTarget "StoryboardLess" */;
			buildPhases = (
				49F28EDF1BB438FD00C60A35 /* Sources */,
				49F28EE01BB438FD00C60A35 /* Frameworks */,
				49F28EE11BB438FD00C60A35 /* Resources */,
			);
			buildRules = (
			);
			dependencies = (
			);
			name = StoryboardLess;
			productName = StoryboardLess;
			productReference = 49F28EE31BB438FD00C60A35 /* StoryboardLess.app */;
			productType = "com.apple.product-type.application";
		};
/* End PBXNativeTarget section */

/* Begin PBXProject section */
		49F28EDB1BB438FD00C60A35 /* Project object */ = {
			isa = PBXProject;
			attributes = {
				LastUpgradeCheck = 0700;
				ORGANIZATIONNAME = "Alex Oh";
				TargetAttributes = {
					49F28EE21BB438FD00C60A35 = {
						CreatedOnToolsVersion = 7.0;
					};
				};
			};
			buildConfigurationList = 49F28EDE1BB438FD00C60A35 /* Build configuration list for PBXProject "StoryboardLess" */;
			compatibilityVersion = "Xcode 3.2";
			developmentRegion = English;
			hasScannedForEncodings = 0;
			knownRegions = (
				en,
				Base,
			);
			mainGroup = 49F28EDA1BB438FD00C60A35;
			productRefGroup = 49F28EE41BB438FD00C60A35 /* Products */;
			projectDirPath = "";
			projectRoot = "";
			targets = (
				49F28EE21BB438FD00C60A35 /* StoryboardLess */,
			);
		};
/* End PBXProject section */

/* Begin PBXResourcesBuildPhase section */
		49F28EE11BB438FD00C60A35 /* Resources */ = {
			isa = PBXResourcesBuildPhase;
			buildActionMask = 2147483647;
			files = (
				49F28EF11BB438FE00C60A35 /* LaunchScreen.storyboard in Resources */,
				49F28EEE1BB438FD00C60A35 /* Assets.xcassets in Resources */,
			);
			runOnlyForDeploymentPostprocessing = 0;
		};
/* End PBXResourcesBuildPhase section */

/* Begin PBXSourcesBuildPhase section */
		49F28EDF1BB438FD00C60A35 /* Sources */ = {
			isa = PBXSourcesBuildPhase;
			buildActionMask = 2147483647;
			files = (
				49F28EE91BB438FD00C60A35 /* ViewController.swift in Sources */,
				49F28EE71BB438FD00C60A35 /* AppDelegate.swift in Sources */,
			);
			runOnlyForDeploymentPostprocessing = 0;
		};
/* End PBXSourcesBuildPhase section */

/* Begin PBXVariantGroup section */
		49F28EEF1BB438FE00C60A35 /* LaunchScreen.storyboard */ = {
			isa = PBXVariantGroup;
			children = (
				49F28EF01BB438FE00C60A35 /* Base */,
			);
			name = LaunchScreen.storyboard;
			sourceTree = "<group>";
		};
/* End PBXVariantGroup section */

/* Begin XCBuildConfiguration section */
		49F28EF31BB438FE00C60A35 /* Debug */ = {
			isa = XCBuildConfiguration;
			buildSettings = {
				ALWAYS_SEARCH_USER_PATHS = NO;
				CLANG_CXX_LANGUAGE_STANDARD = "gnu++0x";
				CLANG_CXX_LIBRARY = "libc++";
				CLANG_ENABLE_MODULES = YES;
				CLANG_ENABLE_OBJC_ARC = YES;
				CLANG_WARN_BOOL_CONVERSION = YES;
				CLANG_WARN_CONSTANT_CONVERSION = YES;
				CLANG_WARN_DIRECT_OBJC_ISA_USAGE = YES_ERROR;
				CLANG_WARN_EMPTY_BODY = YES;
				CLANG_WARN_ENUM_CONVERSION = YES;
				CLANG_WARN_INT_CONVERSION = YES;
				CLANG_WARN_OBJC_ROOT_CLASS = YES_ERROR;
				CLANG_WARN_UNREACHABLE_CODE = YES;
				CLANG_WARN__DUPLICATE_METHOD_MATCH = YES;
				"CODE_SIGN_IDENTITY[sdk=iphoneos*]" = "iPhone Developer";
				COPY_PHASE_STRIP = NO;
				DEBUG_INFORMATION_FORMAT = dwarf;
				ENABLE_STRICT_OBJC_MSGSEND = YES;
				ENABLE_TESTABILITY = YES;
				GCC_C_LANGUAGE_STANDARD = gnu99;
				GCC_DYNAMIC_NO_PIC = NO;
				GCC_NO_COMMON_BLOCKS = YES;
				GCC_OPTIMIZATION_LEVEL = 0;
				GCC_PREPROCESSOR_DEFINITIONS = (
					"DEBUG=1",
					"$(inherited)",
				);
				GCC_WARN_64_TO_32_BIT_CONVERSION = YES;
				GCC_WARN_ABOUT_RETURN_TYPE = YES_ERROR;
				GCC_WARN_UNDECLARED_SELECTOR = YES;
				GCC_WARN_UNINITIALIZED_AUTOS = YES_AGGRESSIVE;
				GCC_WARN_UNUSED_FUNCTION = YES;
				GCC_WARN_UNUSED_VARIABLE = YES;
				IPHONEOS_DEPLOYMENT_TARGET = 9.0;
				MTL_ENABLE_DEBUG_INFO = YES;
				ONLY_ACTIVE_ARCH = YES;
				SDKROOT = iphoneos;
				SWIFT_OPTIMIZATION_LEVEL = "-Onone";
			};
			name = Debug;
		};
		49F28EF41BB438FE00C60A35 /* Release */ = {
			isa = XCBuildConfiguration;
			buildSettings = {
				ALWAYS_SEARCH_USER_PATHS = NO;
				CLANG_CXX_LANGUAGE_STANDARD = "gnu++0x";
				CLANG_CXX_LIBRARY = "libc++";
				CLANG_ENABLE_MODULES = YES;
				CLANG_ENABLE_OBJC_ARC = YES;
				CLANG_WARN_BOOL_CONVERSION = YES;
				CLANG_WARN_CONSTANT_CONVERSION = YES;
				CLANG_WARN_DIRECT_OBJC_ISA_USAGE = YES_ERROR;
				CLANG_WARN_EMPTY_BODY = YES;
				CLANG_WARN_ENUM_CONVERSION = YES;
				CLANG_WARN_INT_CONVERSION = YES;
				CLANG_WARN_OBJC_ROOT_CLASS = YES_ERROR;
				CLANG_WARN_UNREACHABLE_CODE = YES;
				CLANG_WARN__DUPLICATE_METHOD_MATCH = YES;
				"CODE_SIGN_IDENTITY[sdk=iphoneos*]" = "iPhone Developer";
				COPY_PHASE_STRIP = NO;
				DEBUG_INFORMATION_FORMAT = "dwarf-with-dsym";
				ENABLE_NS_ASSERTIONS = NO;
				ENABLE_STRICT_OBJC_MSGSEND = YES;
				GCC_C_LANGUAGE_STANDARD = gnu99;
				GCC_NO_COMMON_BLOCKS = YES;
				GCC_WARN_64_TO_32_BIT_CONVERSION = YES;
				GCC_WARN_ABOUT_RETURN_TYPE = YES_ERROR;
				GCC_WARN_UNDECLARED_SELECTOR = YES;
				GCC_WARN_UNINITIALIZED_AUTOS = YES_AGGRESSIVE;
				GCC_WARN_UNUSED_FUNCTION = YES;
				GCC_WARN_UNUSED_VARIABLE = YES;
				IPHONEOS_DEPLOYMENT_TARGET = 9.0;
				MTL_ENABLE_DEBUG_INFO = NO;
				SDKROOT = iphoneos;
				VALIDATE_PRODUCT = YES;
			};
			name = Release;
		};
		49F28EF61BB438FE00C60A35 /* Debug */ = {
			isa = XCBuildConfiguration;
			buildSettings = {
				ASSETCATALOG_COMPILER_APPICON_NAME = AppIcon;
				INFOPLIST_FILE = StoryboardLess/Info.plist;
				LD_RUNPATH_SEARCH_PATHS = "$(inherited) @executable_path/Frameworks";
				PRODUCT_BUNDLE_IDENTIFIER = com.ao.StoryboardLess;
				PRODUCT_NAME = "$(TARGET_NAME)";
			};
			name = Debug;
		};
		49F28EF71BB438FE00C60A35 /* Release */ = {
			isa = XCBuildConfiguration;
			buildSettings = {
				ASSETCATALOG_COMPILER_APPICON_NAME = AppIcon;
				INFOPLIST_FILE = StoryboardLess/Info.plist;
				LD_RUNPATH_SEARCH_PATHS = "$(inherited) @executable_path/Frameworks";
				PRODUCT_BUNDLE_IDENTIFIER = com.ao.StoryboardLess;
				PRODUCT_NAME = "$(TARGET_NAME)";
			};
			name = Release;
		};
/* End XCBuildConfiguration section */

/* Begin XCConfigurationList section */
		49F28EDE1BB438FD00C60A35 /* Build configuration list for PBXProject "StoryboardLess" */ = {
			isa = XCConfigurationList;
			buildConfigurations = (
				49F28EF31BB438FE00C60A35 /* Debug */,
				49F28EF41BB438FE00C60A35 /* Release */,
			);
			defaultConfigurationIsVisible = 0;
			defaultConfigurationName = Release;
		};
		49F28EF51BB438FE00C60A35 /* Build configuration list for PBXNativeTarget "StoryboardLess" */ = {
			isa = XCConfigurationList;
			buildConfigurations = (
				49F28EF61BB438FE00C60A35 /* Debug */,
				49F28EF71BB438FE00C60A35 /* Release */,
			);
			defaultConfigurationIsVisible = 0;
			defaultConfigurationName = Release;
		};
/* End XCConfigurationList section */
	};
	rootObject = 49F28EDB1BB438FD00C60A35 /* Project object */;
}
